
Microsoft Visual Studio Solution File, Format Version 12.00
# Visual Studio Version 17
VisualStudioVersion = 17.5.33516.290
MinimumVisualStudioVersion = 10.0.40219.1
Project("{FAE04EC0-301F-11D3-BF4B-00C04F79EFBC}") = "ForPingPongGame", "ForPingPongGame\ForPingPongGame.csproj", "{6B508DB5-2EF3-4A1B-9352-C3FC8254BB38}"
EndProject
Global
	GlobalSection(SolutionConfigurationPlatforms) = preSolution
		Debug|Any CPU = Debug|Any CPU
		Release|Any CPU = Release|Any CPU
	EndGlobalSection
	GlobalSection(ProjectConfigurationPlatforms) = postSolution
		{6B508DB5-2EF3-4A1B-9352-C3FC8254BB38}.Debug|Any CPU.ActiveCfg = Debug|Any CPU
		{6B508DB5-2EF3-4A1B-9352-C3FC8254BB38}.Debug|Any CPU.Build.0 = Debug|Any CPU
		{6B508DB5-2EF3-4A1B-9352-C3FC8254BB38}.Release|Any CPU.ActiveCfg = Release|Any CPU
		{6B508DB5-2EF3-4A1B-9352-C3FC8254BB38}.Release|Any CPU.Build.0 = Release|Any CPU
	EndGlobalSection
	GlobalSection(SolutionProperties) = preSolution
		HideSolutionNode = FALSE
	EndGlobalSection
	GlobalSection(ExtensibilityGlobals) = postSolution
		SolutionGuid = {7E6F0EE7-AF9B-4405-BAB0-F84CC282549C}
	EndGlobalSection
EndGlobal
